// !$*UTF8*$!
{
	archiveVersion = 1;
	classes = {
	};
	objectVersion = 55;
	objects = {

/* Begin PBXBuildFile section */
		2F8BC13C283008AF000714C2 /* SwiftUI_ParallaxApp.swift in Sources */ = {isa = PBXBuildFile; fileRef = 2F8BC13B283008AF000714C2 /* SwiftUI_ParallaxApp.swift */; };
		2F8BC13E283008AF000714C2 /* ContentView.swift in Sources */ = {isa = PBXBuildFile; fileRef = 2F8BC13D283008AF000714C2 /* ContentView.swift */; };
		2F8BC140283008B4000714C2 /* Assets.xcassets in Resources */ = {isa = PBXBuildFile; fileRef = 2F8BC13F283008B4000714C2 /* Assets.xcassets */; };
		2F8BC143283008B4000714C2 /* Preview Assets.xcassets in Resources */ = {isa = PBXBuildFile; fileRef = 2F8BC142283008B4000714C2 /* Preview Assets.xcassets */; };
		2F8BC14B283009B0000714C2 /* chimeup.mp3 in Resources */ = {isa = PBXBuildFile; fileRef = 2F8BC149283009B0000714C2 /* chimeup.mp3 */; };
		2F8BC14C283009B0000714C2 /* success.m4a in Resources */ = {isa = PBXBuildFile; fileRef = 2F8BC14A283009B0000714C2 /* success.m4a */; };
		2F8BC15728300F53000714C2 /* OnBoardView.swift in Sources */ = {isa = PBXBuildFile; fileRef = 2F8BC15628300F53000714C2 /* OnBoardView.swift */; };
		2F97242428305302008C0B7A /* UiTest.swift in Sources */ = {isa = PBXBuildFile; fileRef = 2F97242328305302008C0B7A /* UiTest.swift */; };
		2FC04EEF2830359900480646 /* CircleGroupView.swift in Sources */ = {isa = PBXBuildFile; fileRef = 2FC04EEE2830359900480646 /* CircleGroupView.swift */; };
		2FFB009528300FA100E4384D /* HomeView.swift in Sources */ = {isa = PBXBuildFile; fileRef = 2FFB009428300FA100E4384D /* HomeView.swift */; };
/* End PBXBuildFile section */

/* Begin PBXFileReference section */
		2F8BC138283008AF000714C2 /* SwiftUI-Parallax.app */ = {isa = PBXFileReference; explicitFileType = wrapper.application; includeInIndex = 0; path = "SwiftUI-Parallax.app"; sourceTree = BUILT_PRODUCTS_DIR; };
		2F8BC13B283008AF000714C2 /* SwiftUI_ParallaxApp.swift */ = {isa = PBXFileReference; lastKnownFileType = sourcecode.swift; path = SwiftUI_ParallaxApp.swift; sourceTree = "<group>"; };
		2F8BC13D283008AF000714C2 /* ContentView.swift */ = {isa = PBXFileReference; lastKnownFileType = sourcecode.swift; path = ContentView.swift; sourceTree = "<group>"; };
		2F8BC13F283008B4000714C2 /* Assets.xcassets */ = {isa = PBXFileReference; lastKnownFileType = folder.assetcatalog; path = Assets.xcassets; sourceTree = "<group>"; };
		2F8BC142283008B4000714C2 /* Preview Assets.xcassets */ = {isa = PBXFileReference; lastKnownFileType = folder.assetcatalog; path = "Preview Assets.xcassets"; sourceTree = "<group>"; };
		2F8BC149283009B0000714C2 /* chimeup.mp3 */ = {isa = PBXFileReference; lastKnownFileType = audio.mp3; path = chimeup.mp3; sourceTree = "<group>"; };
		2F8BC14A283009B0000714C2 /* success.m4a */ = {isa = PBXFileReference; lastKnownFileType = file; path = success.m4a; sourceTree = "<group>"; };
		2F8BC15128300DE0000714C2 /* Info.plist */ = {isa = PBXFileReference; lastKnownFileType = text.plist; path = Info.plist; sourceTree = "<group>"; };
		2F8BC15628300F53000714C2 /* OnBoardView.swift */ = {isa = PBXFileReference; lastKnownFileType = sourcecode.swift; path = OnBoardView.swift; sourceTree = "<group>"; };
		2F97242328305302008C0B7A /* UiTest.swift */ = {isa = PBXFileReference; lastKnownFileType = sourcecode.swift; path = UiTest.swift; sourceTree = "<group>"; };
		2FC04EEE2830359900480646 /* CircleGroupView.swift */ = {isa = PBXFileReference; lastKnownFileType = sourcecode.swift; path = CircleGroupView.swift; sourceTree = "<group>"; };
		2FFB009428300FA100E4384D /* HomeView.swift */ = {isa = PBXFileReference; lastKnownFileType = sourcecode.swift; path = HomeView.swift; sourceTree = "<group>"; };
/* End PBXFileReference section */

/* Begin PBXFrameworksBuildPhase section */
		2F8BC135283008AF000714C2 /* Frameworks */ = {
			isa = PBXFrameworksBuildPhase;
			buildActionMask = 2147483647;
			files = (
			);
			runOnlyForDeploymentPostprocessing = 0;
		};
/* End PBXFrameworksBuildPhase section */

/* Begin PBXGroup section */
		2F8BC12F283008AF000714C2 = {
			isa = PBXGroup;
			children = (
				2F8BC13A283008AF000714C2 /* SwiftUI-Parallax */,
				2F8BC139283008AF000714C2 /* Products */,
			);
			sourceTree = "<group>";
		};
		2F8BC139283008AF000714C2 /* Products */ = {
			isa = PBXGroup;
			children = (
				2F8BC138283008AF000714C2 /* SwiftUI-Parallax.app */,
			);
			name = Products;
			sourceTree = "<group>";
		};
		2F8BC13A283008AF000714C2 /* SwiftUI-Parallax */ = {
			isa = PBXGroup;
			children = (
				2F8BC15128300DE0000714C2 /* Info.plist */,
				2F8BC15028300B91000714C2 /* Utilies */,
				2F8BC14F28300B6D000714C2 /* Views */,
				2F8BC14D283009C4000714C2 /* Sound */,
				2F8BC13B283008AF000714C2 /* SwiftUI_ParallaxApp.swift */,
				2F8BC14E28300B35000714C2 /* Screens */,
				2F8BC13F283008B4000714C2 /* Assets.xcassets */,
				2F8BC141283008B4000714C2 /* Preview Content */,
			);
			path = "SwiftUI-Parallax";
			sourceTree = "<group>";
		};
		2F8BC141283008B4000714C2 /* Preview Content */ = {
			isa = PBXGroup;
			children = (
				2F8BC142283008B4000714C2 /* Preview Assets.xcassets */,
			);
			path = "Preview Content";
			sourceTree = "<group>";
		};
		2F8BC14D283009C4000714C2 /* Sound */ = {
			isa = PBXGroup;
			children = (
				2F8BC149283009B0000714C2 /* chimeup.mp3 */,
				2F8BC14A283009B0000714C2 /* success.m4a */,
			);
			path = Sound;
			sourceTree = "<group>";
		};
		2F8BC14E28300B35000714C2 /* Screens */ = {
			isa = PBXGroup;
			children = (
				2F8BC13D283008AF000714C2 /* ContentView.swift */,
				2F8BC15628300F53000714C2 /* OnBoardView.swift */,
				2FFB009428300FA100E4384D /* HomeView.swift */,
			);
			path = Screens;
			sourceTree = "<group>";
		};
		2F8BC14F28300B6D000714C2 /* Views */ = {
			isa = PBXGroup;
			children = (
				2FC04EEE2830359900480646 /* CircleGroupView.swift */,
				2F97242328305302008C0B7A /* UiTest.swift */,
			);
			path = Views;
			sourceTree = "<group>";
		};
		2F8BC15028300B91000714C2 /* Utilies */ = {
			isa = PBXGroup;
			children = (
			);
			path = Utilies;
			sourceTree = "<group>";
		};
/* End PBXGroup section */

/* Begin PBXNativeTarget section */
		2F8BC137283008AF000714C2 /* SwiftUI-Parallax */ = {
			isa = PBXNativeTarget;
			buildConfigurationList = 2F8BC146283008B4000714C2 /* Build configuration list for PBXNativeTarget "SwiftUI-Parallax" */;
			buildPhases = (
				2F8BC134283008AF000714C2 /* Sources */,
				2F8BC135283008AF000714C2 /* Frameworks */,
				2F8BC136283008AF000714C2 /* Resources */,
			);
			buildRules = (
			);
			dependencies = (
			);
			name = "SwiftUI-Parallax";
			productName = "SwiftUI-Parallax";
			productReference = 2F8BC138283008AF000714C2 /* SwiftUI-Parallax.app */;
			productType = "com.apple.product-type.application";
		};
/* End PBXNativeTarget section */

/* Begin PBXProject section */
		2F8BC130283008AF000714C2 /* Project object */ = {
			isa = PBXProject;
			attributes = {
				BuildIndependentTargetsInParallel = 1;
				LastSwiftUpdateCheck = 1320;
				LastUpgradeCheck = 1320;
				TargetAttributes = {
					2F8BC137283008AF000714C2 = {
						CreatedOnToolsVersion = 13.2.1;
					};
				};
			};
			buildConfigurationList = 2F8BC133283008AF000714C2 /* Build configuration list for PBXProject "SwiftUI-Parallax" */;
			compatibilityVersion = "Xcode 13.0";
			developmentRegion = en;
			hasScannedForEncodings = 0;
			knownRegions = (
				en,
				Base,
			);
			mainGroup = 2F8BC12F283008AF000714C2;
			productRefGroup = 2F8BC139283008AF000714C2 /* Products */;
			projectDirPath = "";
			projectRoot = "";
			targets = (
				2F8BC137283008AF000714C2 /* SwiftUI-Parallax */,
			);
		};
/* End PBXProject section */

/* Begin PBXResourcesBuildPhase section */
		2F8BC136283008AF000714C2 /* Resources */ = {
			isa = PBXResourcesBuildPhase;
			buildActionMask = 2147483647;
			files = (
				2F8BC14C283009B0000714C2 /* success.m4a in Resources */,
				2F8BC14B283009B0000714C2 /* chimeup.mp3 in Resources */,
				2F8BC143283008B4000714C2 /* Preview Assets.xcassets in Resources */,
				2F8BC140283008B4000714C2 /* Assets.xcassets in Resources */,
			);
			runOnlyForDeploymentPostprocessing = 0;
		};
/* End PBXResourcesBuildPhase section */

/* Begin PBXSourcesBuildPhase section */
		2F8BC134283008AF000714C2 /* Sources */ = {
			isa = PBXSourcesBuildPhase;
			buildActionMask = 2147483647;
			files = (
				2FC04EEF2830359900480646 /* CircleGroupView.swift in Sources */,
				2F97242428305302008C0B7A /* UiTest.swift in Sources */,
				2F8BC13E283008AF000714C2 /* ContentView.swift in Sources */,
				2FFB009528300FA100E4384D /* HomeView.swift in Sources */,
				2F8BC13C283008AF000714C2 /* SwiftUI_ParallaxApp.swift in Sources */,
				2F8BC15728300F53000714C2 /* OnBoardView.swift in Sources */,
			);
			runOnlyForDeploymentPostprocessing = 0;
		};
/* End PBXSourcesBuildPhase section */

/* Begin XCBuildConfiguration section */
		2F8BC144283008B4000714C2 /* Debug */ = {
			isa = XCBuildConfiguration;
			buildSettings = {
				ALWAYS_SEARCH_USER_PATHS = NO;
				CLANG_ANALYZER_NONNULL = YES;
				CLANG_ANALYZER_NUMBER_OBJECT_CONVERSION = YES_AGGRESSIVE;
				CLANG_CXX_LANGUAGE_STANDARD = "gnu++17";
				CLANG_CXX_LIBRARY = "libc++";
				CLANG_ENABLE_MODULES = YES;
				CLANG_ENABLE_OBJC_ARC = YES;
				CLANG_ENABLE_OBJC_WEAK = YES;
				CLANG_WARN_BLOCK_CAPTURE_AUTORELEASING = YES;
				CLANG_WARN_BOOL_CONVERSION = YES;
				CLANG_WARN_COMMA = YES;
				CLANG_WARN_CONSTANT_CONVERSION = YES;
				CLANG_WARN_DEPRECATED_OBJC_IMPLEMENTATIONS = YES;
				CLANG_WARN_DIRECT_OBJC_ISA_USAGE = YES_ERROR;
				CLANG_WARN_DOCUMENTATION_COMMENTS = YES;
				CLANG_WARN_EMPTY_BODY = YES;
				CLANG_WARN_ENUM_CONVERSION = YES;
				CLANG_WARN_INFINITE_RECURSION = YES;
				CLANG_WARN_INT_CONVERSION = YES;
				CLANG_WARN_NON_LITERAL_NULL_CONVERSION = YES;
				CLANG_WARN_OBJC_IMPLICIT_RETAIN_SELF = YES;
				CLANG_WARN_OBJC_LITERAL_CONVERSION = YES;
				CLANG_WARN_OBJC_ROOT_CLASS = YES_ERROR;
				CLANG_WARN_QUOTED_INCLUDE_IN_FRAMEWORK_HEADER = YES;
				CLANG_WARN_RANGE_LOOP_ANALYSIS = YES;
				CLANG_WARN_STRICT_PROTOTYPES = YES;
				CLANG_WARN_SUSPICIOUS_MOVE = YES;
				CLANG_WARN_UNGUARDED_AVAILABILITY = YES_AGGRESSIVE;
				CLANG_WARN_UNREACHABLE_CODE = YES;
				CLANG_WARN__DUPLICATE_METHOD_MATCH = YES;
				COPY_PHASE_STRIP = NO;
				DEBUG_INFORMATION_FORMAT = dwarf;
				ENABLE_STRICT_OBJC_MSGSEND = YES;
				ENABLE_TESTABILITY = YES;
				GCC_C_LANGUAGE_STANDARD = gnu11;
				GCC_DYNAMIC_NO_PIC = NO;
				GCC_NO_COMMON_BLOCKS = YES;
				GCC_OPTIMIZATION_LEVEL = 0;
				GCC_PREPROCESSOR_DEFINITIONS = (
					"DEBUG=1",
					"$(inherited)",
				);
				GCC_WARN_64_TO_32_BIT_CONVERSION = YES;
				GCC_WARN_ABOUT_RETURN_TYPE = YES_ERROR;
				GCC_WARN_UNDECLARED_SELECTOR = YES;
				GCC_WARN_UNINITIALIZED_AUTOS = YES_AGGRESSIVE;
				GCC_WARN_UNUSED_FUNCTION = YES;
				GCC_WARN_UNUSED_VARIABLE = YES;
				IPHONEOS_DEPLOYMENT_TARGET = 15.2;
				MTL_ENABLE_DEBUG_INFO = INCLUDE_SOURCE;
				MTL_FAST_MATH = YES;
				ONLY_ACTIVE_ARCH = YES;
				SDKROOT = iphoneos;
				SWIFT_ACTIVE_COMPILATION_CONDITIONS = DEBUG;
				SWIFT_OPTIMIZATION_LEVEL = "-Onone";
			};
			name = Debug;
		};
		2F8BC145283008B4000714C2 /* Release */ = {
			isa = XCBuildConfiguration;
			buildSettings = {
				ALWAYS_SEARCH_USER_PATHS = NO;
				CLANG_ANALYZER_NONNULL = YES;
				CLANG_ANALYZER_NUMBER_OBJECT_CONVERSION = YES_AGGRESSIVE;
				CLANG_CXX_LANGUAGE_STANDARD = "gnu++17";
				CLANG_CXX_LIBRARY = "libc++";
				CLANG_ENABLE_MODULES = YES;
				CLANG_ENABLE_OBJC_ARC = YES;
				CLANG_ENABLE_OBJC_WEAK = YES;
				CLANG_WARN_BLOCK_CAPTURE_AUTORELEASING = YES;
				CLANG_WARN_BOOL_CONVERSION = YES;
				CLANG_WARN_COMMA = YES;
				CLANG_WARN_CONSTANT_CONVERSION = YES;
				CLANG_WARN_DEPRECATED_OBJC_IMPLEMENTATIONS = YES;
				CLANG_WARN_DIRECT_OBJC_ISA_USAGE = YES_ERROR;
				CLANG_WARN_DOCUMENTATION_COMMENTS = YES;
				CLANG_WARN_EMPTY_BODY = YES;
				CLANG_WARN_ENUM_CONVERSION = YES;
				CLANG_WARN_INFINITE_RECURSION = YES;
				CLANG_WARN_INT_CONVERSION = YES;
				CLANG_WARN_NON_LITERAL_NULL_CONVERSION = YES;
				CLANG_WARN_OBJC_IMPLICIT_RETAIN_SELF = YES;
				CLANG_WARN_OBJC_LITERAL_CONVERSION = YES;
				CLANG_WARN_OBJC_ROOT_CLASS = YES_ERROR;
				CLANG_WARN_QUOTED_INCLUDE_IN_FRAMEWORK_HEADER = YES;
				CLANG_WARN_RANGE_LOOP_ANALYSIS = YES;
				CLANG_WARN_STRICT_PROTOTYPES = YES;
				CLANG_WARN_SUSPICIOUS_MOVE = YES;
				CLANG_WARN_UNGUARDED_AVAILABILITY = YES_AGGRESSIVE;
				CLANG_WARN_UNREACHABLE_CODE = YES;
				CLANG_WARN__DUPLICATE_METHOD_MATCH = YES;
				COPY_PHASE_STRIP = NO;
				DEBUG_INFORMATION_FORMAT = "dwarf-with-dsym";
				ENABLE_NS_ASSERTIONS = NO;
				ENABLE_STRICT_OBJC_MSGSEND = YES;
				GCC_C_LANGUAGE_STANDARD = gnu11;
				GCC_NO_COMMON_BLOCKS = YES;
				GCC_WARN_64_TO_32_BIT_CONVERSION = YES;
				GCC_WARN_ABOUT_RETURN_TYPE = YES_ERROR;
				GCC_WARN_UNDECLARED_SELECTOR = YES;
				GCC_WARN_UNINITIALIZED_AUTOS = YES_AGGRESSIVE;
				GCC_WARN_UNUSED_FUNCTION = YES;
				GCC_WARN_UNUSED_VARIABLE = YES;
				IPHONEOS_DEPLOYMENT_TARGET = 15.2;
				MTL_ENABLE_DEBUG_INFO = NO;
				MTL_FAST_MATH = YES;
				SDKROOT = iphoneos;
				SWIFT_COMPILATION_MODE = wholemodule;
				SWIFT_OPTIMIZATION_LEVEL = "-O";
				VALIDATE_PRODUCT = YES;
			};
			name = Release;
		};
		2F8BC147283008B4000714C2 /* Debug */ = {
			isa = XCBuildConfiguration;
			buildSettings = {
				ASSETCATALOG_COMPILER_APPICON_NAME = AppIcon;
				ASSETCATALOG_COMPILER_GLOBAL_ACCENT_COLOR_NAME = AccentColor;
				CODE_SIGN_STYLE = Automatic;
				CURRENT_PROJECT_VERSION = 1;
				DEVELOPMENT_ASSET_PATHS = "\"SwiftUI-Parallax/Preview Content\"";
				DEVELOPMENT_TEAM = FS83WK4S9F;
				ENABLE_PREVIEWS = YES;
				GENERATE_INFOPLIST_FILE = YES;
				INFOPLIST_FILE = "SwiftUI-Parallax/Info.plist";
				INFOPLIST_KEY_UIApplicationSceneManifest_Generation = YES;
				INFOPLIST_KEY_UIApplicationSupportsIndirectInputEvents = YES;
				INFOPLIST_KEY_UISupportedInterfaceOrientations = UIInterfaceOrientationPortrait;
				INFOPLIST_KEY_UISupportedInterfaceOrientations_iPad = "UIInterfaceOrientationPortrait UIInterfaceOrientationPortraitUpsideDown UIInterfaceOrientationLandscapeLeft UIInterfaceOrientationLandscapeRight";
				INFOPLIST_KEY_UISupportedInterfaceOrientations_iPhone = UIInterfaceOrientationPortrait;
				LD_RUNPATH_SEARCH_PATHS = (
					"$(inherited)",
					"@executable_path/Frameworks",
				);
				MARKETING_VERSION = 1.0;
				PRODUCT_BUNDLE_IDENTIFIER = com.swift.xmod.widget.viewTest;
				PRODUCT_NAME = "$(TARGET_NAME)";
				SWIFT_EMIT_LOC_STRINGS = YES;
				SWIFT_VERSION = 5.0;
				TARGETED_DEVICE_FAMILY = "1,2";
			};
			name = Debug;
		};
		2F8BC148283008B4000714C2 /* Release */ = {
			isa = XCBuildConfiguration;
			buildSettings = {
				ASSETCATALOG_COMPILER_APPICON_NAME = AppIcon;
				ASSETCATALOG_COMPILER_GLOBAL_ACCENT_COLOR_NAME = AccentColor;
				CODE_SIGN_STYLE = Automatic;
				CURRENT_PROJECT_VERSION = 1;
				DEVELOPMENT_ASSET_PATHS = "\"SwiftUI-Parallax/Preview Content\"";
				DEVELOPMENT_TEAM = FS83WK4S9F;
				ENABLE_PREVIEWS = YES;
				GENERATE_INFOPLIST_FILE = YES;
				INFOPLIST_FILE = "SwiftUI-Parallax/Info.plist";
				INFOPLIST_KEY_UIApplicationSceneManifest_Generation = YES;
				INFOPLIST_KEY_UIApplicationSupportsIndirectInputEvents = YES;
				INFOPLIST_KEY_UISupportedInterfaceOrientations = UIInterfaceOrientationPortrait;
				INFOPLIST_KEY_UISupportedInterfaceOrientations_iPad = "UIInterfaceOrientationPortrait UIInterfaceOrientationPortraitUpsideDown UIInterfaceOrientationLandscapeLeft UIInterfaceOrientationLandscapeRight";
				INFOPLIST_KEY_UISupportedInterfaceOrientations_iPhone = UIInterfaceOrientationPortrait;
				LD_RUNPATH_SEARCH_PATHS = (
					"$(inherited)",
					"@executable_path/Frameworks",
				);
				MARKETING_VERSION = 1.0;
				PRODUCT_BUNDLE_IDENTIFIER = com.swift.xmod.widget.viewTest;
				PRODUCT_NAME = "$(TARGET_NAME)";
				SWIFT_EMIT_LOC_STRINGS = YES;
				SWIFT_VERSION = 5.0;
				TARGETED_DEVICE_FAMILY = "1,2";
			};
			name = Release;
		};
/* End XCBuildConfiguration section */

/* Begin XCConfigurationList section */
		2F8BC133283008AF000714C2 /* Build configuration list for PBXProject "SwiftUI-Parallax" */ = {
			isa = XCConfigurationList;
			buildConfigurations = (
				2F8BC144283008B4000714C2 /* Debug */,
				2F8BC145283008B4000714C2 /* Release */,
			);
			defaultConfigurationIsVisible = 0;
			defaultConfigurationName = Release;
		};
		2F8BC146283008B4000714C2 /* Build configuration list for PBXNativeTarget "SwiftUI-Parallax" */ = {
			isa = XCConfigurationList;
			buildConfigurations = (
				2F8BC147283008B4000714C2 /* Debug */,
				2F8BC148283008B4000714C2 /* Release */,
			);
			defaultConfigurationIsVisible = 0;
			defaultConfigurationName = Release;
		};
/* End XCConfigurationList section */
	};
	rootObject = 2F8BC130283008AF000714C2 /* Project object */;
}
